
Microsoft Visual Studio Solution File, Format Version 12.00
# Visual Studio 15
VisualStudioVersion = 15.0.26124.0
MinimumVisualStudioVersion = 15.0.26124.0
Project("{2150E333-8FDC-42A3-9474-1A3956D46DE8}") = "src", "src", "{5E0054F6-3EE6-4EF4-B4CD-17EE50F01C15}"
EndProject
Project("{2150E333-8FDC-42A3-9474-1A3956D46DE8}") = "Components", "Components", "{277D0FB4-24BF-4AEB-B289-18B5830DB28F}"
EndProject
Project("{2150E333-8FDC-42A3-9474-1A3956D46DE8}") = "Access", "Access", "{6C5C3022-F14D-4CAE-818F-BD9A2C1D20B5}"
EndProject
Project("{2150E333-8FDC-42A3-9474-1A3956D46DE8}") = "Article", "Article", "{78081DA0-FBDB-41BB-9A59-8906F29EB14F}"
EndProject
Project("{FAE04EC0-301F-11D3-BF4B-00C04F79EFBC}") = "Kaylumah.AdventuresWithMock.Access.Article.Interface", "src\Components\Access\Article\Interface\Kaylumah.AdventuresWithMock.Access.Article.Interface.csproj", "{FEBB9B1B-2144-4938-923A-E6E2A753902B}"
EndProject
Project("{FAE04EC0-301F-11D3-BF4B-00C04F79EFBC}") = "Kaylumah.AdventuresWithMock.Access.Article.Service", "src\Components\Access\Article\Service\Kaylumah.AdventuresWithMock.Access.Article.Service.csproj", "{734C0E3D-FB71-4CB4-B03A-13465FAC3208}"
EndProject
Project("{2150E333-8FDC-42A3-9474-1A3956D46DE8}") = "Author", "Author", "{CCA63B9B-001A-4421-AAEE-00D1670C6F7C}"
EndProject
Project("{FAE04EC0-301F-11D3-BF4B-00C04F79EFBC}") = "Kaylumah.AdventuresWithMock.Access.Author.Interface", "src\Components\Access\Author\Interface\Kaylumah.AdventuresWithMock.Access.Author.Interface.csproj", "{3035F880-6486-418D-ADDB-73E4E965E42B}"
EndProject
Project("{FAE04EC0-301F-11D3-BF4B-00C04F79EFBC}") = "Kaylumah.AdventuresWithMock.Access.Author.Service", "src\Components\Access\Author\Service\Kaylumah.AdventuresWithMock.Access.Author.Service.csproj", "{6E13CB4F-CDEA-479F-866B-F47D8942E06F}"
EndProject
Project("{2150E333-8FDC-42A3-9474-1A3956D46DE8}") = "Manager", "Manager", "{1B16137A-397A-4A08-8132-5FDDD23E9D79}"
EndProject
Project("{2150E333-8FDC-42A3-9474-1A3956D46DE8}") = "Site", "Site", "{43D0A4EE-9F49-49CF-83C4-B2D2113E4CBE}"
EndProject
Project("{FAE04EC0-301F-11D3-BF4B-00C04F79EFBC}") = "Kaylumah.AdventuresWithMock.Manager.Site.Interface", "src\Components\Manager\Site\Interface\Kaylumah.AdventuresWithMock.Manager.Site.Interface.csproj", "{0188BDD3-0AE2-4AE9-AF01-F29E9057D388}"
EndProject
Project("{FAE04EC0-301F-11D3-BF4B-00C04F79EFBC}") = "Kaylumah.AdventuresWithMock.Manager.Site.Service", "src\Components\Manager\Site\Service\Kaylumah.AdventuresWithMock.Manager.Site.Service.csproj", "{C83616DA-8703-4B4A-A007-DB40CCFA29F1}"
EndProject
Project("{2150E333-8FDC-42A3-9474-1A3956D46DE8}") = "test", "test", "{EC388946-71BA-45EA-86D9-FB47E663FA3A}"
EndProject
Project("{FAE04EC0-301F-11D3-BF4B-00C04F79EFBC}") = "Test.Unit", "test\Unit\Test.Unit.csproj", "{8A5D9A89-3DAF-4374-8AC7-3569FE53DD04}"
EndProject
Global
	GlobalSection(SolutionConfigurationPlatforms) = preSolution
		Debug|Any CPU = Debug|Any CPU
		Debug|x64 = Debug|x64
		Debug|x86 = Debug|x86
		Release|Any CPU = Release|Any CPU
		Release|x64 = Release|x64
		Release|x86 = Release|x86
	EndGlobalSection
	GlobalSection(SolutionProperties) = preSolution
		HideSolutionNode = FALSE
	EndGlobalSection
	GlobalSection(ProjectConfigurationPlatforms) = postSolution
		{FEBB9B1B-2144-4938-923A-E6E2A753902B}.Debug|Any CPU.ActiveCfg = Debug|Any CPU
		{FEBB9B1B-2144-4938-923A-E6E2A753902B}.Debug|Any CPU.Build.0 = Debug|Any CPU
		{FEBB9B1B-2144-4938-923A-E6E2A753902B}.Debug|x64.ActiveCfg = Debug|Any CPU
		{FEBB9B1B-2144-4938-923A-E6E2A753902B}.Debug|x64.Build.0 = Debug|Any CPU
		{FEBB9B1B-2144-4938-923A-E6E2A753902B}.Debug|x86.ActiveCfg = Debug|Any CPU
		{FEBB9B1B-2144-4938-923A-E6E2A753902B}.Debug|x86.Build.0 = Debug|Any CPU
		{FEBB9B1B-2144-4938-923A-E6E2A753902B}.Release|Any CPU.ActiveCfg = Release|Any CPU
		{FEBB9B1B-2144-4938-923A-E6E2A753902B}.Release|Any CPU.Build.0 = Release|Any CPU
		{FEBB9B1B-2144-4938-923A-E6E2A753902B}.Release|x64.ActiveCfg = Release|Any CPU
		{FEBB9B1B-2144-4938-923A-E6E2A753902B}.Release|x64.Build.0 = Release|Any CPU
		{FEBB9B1B-2144-4938-923A-E6E2A753902B}.Release|x86.ActiveCfg = Release|Any CPU
		{FEBB9B1B-2144-4938-923A-E6E2A753902B}.Release|x86.Build.0 = Release|Any CPU
		{734C0E3D-FB71-4CB4-B03A-13465FAC3208}.Debug|Any CPU.ActiveCfg = Debug|Any CPU
		{734C0E3D-FB71-4CB4-B03A-13465FAC3208}.Debug|Any CPU.Build.0 = Debug|Any CPU
		{734C0E3D-FB71-4CB4-B03A-13465FAC3208}.Debug|x64.ActiveCfg = Debug|Any CPU
		{734C0E3D-FB71-4CB4-B03A-13465FAC3208}.Debug|x64.Build.0 = Debug|Any CPU
		{734C0E3D-FB71-4CB4-B03A-13465FAC3208}.Debug|x86.ActiveCfg = Debug|Any CPU
		{734C0E3D-FB71-4CB4-B03A-13465FAC3208}.Debug|x86.Build.0 = Debug|Any CPU
		{734C0E3D-FB71-4CB4-B03A-13465FAC3208}.Release|Any CPU.ActiveCfg = Release|Any CPU
		{734C0E3D-FB71-4CB4-B03A-13465FAC3208}.Release|Any CPU.Build.0 = Release|Any CPU
		{734C0E3D-FB71-4CB4-B03A-13465FAC3208}.Release|x64.ActiveCfg = Release|Any CPU
		{734C0E3D-FB71-4CB4-B03A-13465FAC3208}.Release|x64.Build.0 = Release|Any CPU
		{734C0E3D-FB71-4CB4-B03A-13465FAC3208}.Release|x86.ActiveCfg = Release|Any CPU
		{734C0E3D-FB71-4CB4-B03A-13465FAC3208}.Release|x86.Build.0 = Release|Any CPU
		{3035F880-6486-418D-ADDB-73E4E965E42B}.Debug|Any CPU.ActiveCfg = Debug|Any CPU
		{3035F880-6486-418D-ADDB-73E4E965E42B}.Debug|Any CPU.Build.0 = Debug|Any CPU
		{3035F880-6486-418D-ADDB-73E4E965E42B}.Debug|x64.ActiveCfg = Debug|Any CPU
		{3035F880-6486-418D-ADDB-73E4E965E42B}.Debug|x64.Build.0 = Debug|Any CPU
		{3035F880-6486-418D-ADDB-73E4E965E42B}.Debug|x86.ActiveCfg = Debug|Any CPU
		{3035F880-6486-418D-ADDB-73E4E965E42B}.Debug|x86.Build.0 = Debug|Any CPU
		{3035F880-6486-418D-ADDB-73E4E965E42B}.Release|Any CPU.ActiveCfg = Release|Any CPU
		{3035F880-6486-418D-ADDB-73E4E965E42B}.Release|Any CPU.Build.0 = Release|Any CPU
		{3035F880-6486-418D-ADDB-73E4E965E42B}.Release|x64.ActiveCfg = Release|Any CPU
		{3035F880-6486-418D-ADDB-73E4E965E42B}.Release|x64.Build.0 = Release|Any CPU
		{3035F880-6486-418D-ADDB-73E4E965E42B}.Release|x86.ActiveCfg = Release|Any CPU
		{3035F880-6486-418D-ADDB-73E4E965E42B}.Release|x86.Build.0 = Release|Any CPU
		{6E13CB4F-CDEA-479F-866B-F47D8942E06F}.Debug|Any CPU.ActiveCfg = Debug|Any CPU
		{6E13CB4F-CDEA-479F-866B-F47D8942E06F}.Debug|Any CPU.Build.0 = Debug|Any CPU
		{6E13CB4F-CDEA-479F-866B-F47D8942E06F}.Debug|x64.ActiveCfg = Debug|Any CPU
		{6E13CB4F-CDEA-479F-866B-F47D8942E06F}.Debug|x64.Build.0 = Debug|Any CPU
		{6E13CB4F-CDEA-479F-866B-F47D8942E06F}.Debug|x86.ActiveCfg = Debug|Any CPU
		{6E13CB4F-CDEA-479F-866B-F47D8942E06F}.Debug|x86.Build.0 = Debug|Any CPU
		{6E13CB4F-CDEA-479F-866B-F47D8942E06F}.Release|Any CPU.ActiveCfg = Release|Any CPU
		{6E13CB4F-CDEA-479F-866B-F47D8942E06F}.Release|Any CPU.Build.0 = Release|Any CPU
		{6E13CB4F-CDEA-479F-866B-F47D8942E06F}.Release|x64.ActiveCfg = Release|Any CPU
		{6E13CB4F-CDEA-479F-866B-F47D8942E06F}.Release|x64.Build.0 = Release|Any CPU
		{6E13CB4F-CDEA-479F-866B-F47D8942E06F}.Release|x86.ActiveCfg = Release|Any CPU
		{6E13CB4F-CDEA-479F-866B-F47D8942E06F}.Release|x86.Build.0 = Release|Any CPU
		{0188BDD3-0AE2-4AE9-AF01-F29E9057D388}.Debug|Any CPU.ActiveCfg = Debug|Any CPU
		{0188BDD3-0AE2-4AE9-AF01-F29E9057D388}.Debug|Any CPU.Build.0 = Debug|Any CPU
		{0188BDD3-0AE2-4AE9-AF01-F29E9057D388}.Debug|x64.ActiveCfg = Debug|Any CPU
		{0188BDD3-0AE2-4AE9-AF01-F29E9057D388}.Debug|x64.Build.0 = Debug|Any CPU
		{0188BDD3-0AE2-4AE9-AF01-F29E9057D388}.Debug|x86.ActiveCfg = Debug|Any CPU
		{0188BDD3-0AE2-4AE9-AF01-F29E9057D388}.Debug|x86.Build.0 = Debug|Any CPU
		{0188BDD3-0AE2-4AE9-AF01-F29E9057D388}.Release|Any CPU.ActiveCfg = Release|Any CPU
		{0188BDD3-0AE2-4AE9-AF01-F29E9057D388}.Release|Any CPU.Build.0 = Release|Any CPU
		{0188BDD3-0AE2-4AE9-AF01-F29E9057D388}.Release|x64.ActiveCfg = Release|Any CPU
		{0188BDD3-0AE2-4AE9-AF01-F29E9057D388}.Release|x64.Build.0 = Release|Any CPU
		{0188BDD3-0AE2-4AE9-AF01-F29E9057D388}.Release|x86.ActiveCfg = Release|Any CPU
		{0188BDD3-0AE2-4AE9-AF01-F29E9057D388}.Release|x86.Build.0 = Release|Any CPU
		{C83616DA-8703-4B4A-A007-DB40CCFA29F1}.Debug|Any CPU.ActiveCfg = Debug|Any CPU
		{C83616DA-8703-4B4A-A007-DB40CCFA29F1}.Debug|Any CPU.Build.0 = Debug|Any CPU
		{C83616DA-8703-4B4A-A007-DB40CCFA29F1}.Debug|x64.ActiveCfg = Debug|Any CPU
		{C83616DA-8703-4B4A-A007-DB40CCFA29F1}.Debug|x64.Build.0 = Debug|Any CPU
		{C83616DA-8703-4B4A-A007-DB40CCFA29F1}.Debug|x86.ActiveCfg = Debug|Any CPU
		{C83616DA-8703-4B4A-A007-DB40CCFA29F1}.Debug|x86.Build.0 = Debug|Any CPU
		{C83616DA-8703-4B4A-A007-DB40CCFA29F1}.Release|Any CPU.ActiveCfg = Release|Any CPU
		{C83616DA-8703-4B4A-A007-DB40CCFA29F1}.Release|Any CPU.Build.0 = Release|Any CPU
		{C83616DA-8703-4B4A-A007-DB40CCFA29F1}.Release|x64.ActiveCfg = Release|Any CPU
		{C83616DA-8703-4B4A-A007-DB40CCFA29F1}.Release|x64.Build.0 = Release|Any CPU
		{C83616DA-8703-4B4A-A007-DB40CCFA29F1}.Release|x86.ActiveCfg = Release|Any CPU
		{C83616DA-8703-4B4A-A007-DB40CCFA29F1}.Release|x86.Build.0 = Release|Any CPU
		{8A5D9A89-3DAF-4374-8AC7-3569FE53DD04}.Debug|Any CPU.ActiveCfg = Debug|Any CPU
		{8A5D9A89-3DAF-4374-8AC7-3569FE53DD04}.Debug|Any CPU.Build.0 = Debug|Any CPU
		{8A5D9A89-3DAF-4374-8AC7-3569FE53DD04}.Debug|x64.ActiveCfg = Debug|Any CPU
		{8A5D9A89-3DAF-4374-8AC7-3569FE53DD04}.Debug|x64.Build.0 = Debug|Any CPU
		{8A5D9A89-3DAF-4374-8AC7-3569FE53DD04}.Debug|x86.ActiveCfg = Debug|Any CPU
		{8A5D9A89-3DAF-4374-8AC7-3569FE53DD04}.Debug|x86.Build.0 = Debug|Any CPU
		{8A5D9A89-3DAF-4374-8AC7-3569FE53DD04}.Release|Any CPU.ActiveCfg = Release|Any CPU
		{8A5D9A89-3DAF-4374-8AC7-3569FE53DD04}.Release|Any CPU.Build.0 = Release|Any CPU
		{8A5D9A89-3DAF-4374-8AC7-3569FE53DD04}.Release|x64.ActiveCfg = Release|Any CPU
		{8A5D9A89-3DAF-4374-8AC7-3569FE53DD04}.Release|x64.Build.0 = Release|Any CPU
		{8A5D9A89-3DAF-4374-8AC7-3569FE53DD04}.Release|x86.ActiveCfg = Release|Any CPU
		{8A5D9A89-3DAF-4374-8AC7-3569FE53DD04}.Release|x86.Build.0 = Release|Any CPU
	EndGlobalSection
	GlobalSection(NestedProjects) = preSolution
		{277D0FB4-24BF-4AEB-B289-18B5830DB28F} = {5E0054F6-3EE6-4EF4-B4CD-17EE50F01C15}
		{6C5C3022-F14D-4CAE-818F-BD9A2C1D20B5} = {277D0FB4-24BF-4AEB-B289-18B5830DB28F}
		{78081DA0-FBDB-41BB-9A59-8906F29EB14F} = {6C5C3022-F14D-4CAE-818F-BD9A2C1D20B5}
		{FEBB9B1B-2144-4938-923A-E6E2A753902B} = {78081DA0-FBDB-41BB-9A59-8906F29EB14F}
		{734C0E3D-FB71-4CB4-B03A-13465FAC3208} = {78081DA0-FBDB-41BB-9A59-8906F29EB14F}
		{CCA63B9B-001A-4421-AAEE-00D1670C6F7C} = {6C5C3022-F14D-4CAE-818F-BD9A2C1D20B5}
		{3035F880-6486-418D-ADDB-73E4E965E42B} = {CCA63B9B-001A-4421-AAEE-00D1670C6F7C}
		{6E13CB4F-CDEA-479F-866B-F47D8942E06F} = {CCA63B9B-001A-4421-AAEE-00D1670C6F7C}
		{1B16137A-397A-4A08-8132-5FDDD23E9D79} = {277D0FB4-24BF-4AEB-B289-18B5830DB28F}
		{43D0A4EE-9F49-49CF-83C4-B2D2113E4CBE} = {1B16137A-397A-4A08-8132-5FDDD23E9D79}
		{0188BDD3-0AE2-4AE9-AF01-F29E9057D388} = {43D0A4EE-9F49-49CF-83C4-B2D2113E4CBE}
		{C83616DA-8703-4B4A-A007-DB40CCFA29F1} = {43D0A4EE-9F49-49CF-83C4-B2D2113E4CBE}
		{8A5D9A89-3DAF-4374-8AC7-3569FE53DD04} = {EC388946-71BA-45EA-86D9-FB47E663FA3A}
	EndGlobalSection
EndGlobal
